
Microsoft Visual Studio Solution File, Format Version 12.00
# Visual Studio Version 17
VisualStudioVersion = 17.0.31903.59
MinimumVisualStudioVersion = 10.0.40219.1
Project("{FAE04EC0-301F-11D3-BF4B-00C04F79EFBC}") = "TOP-Network", "TOP-Network\TOP-Network.csproj", "{74045E26-A6BA-478A-AA88-5DFC76A8A676}"
EndProject
Project("{2150E333-8FDC-42A3-9474-1A3956D46DE8}") = "Libary", "Libary", "{64D22719-0486-E505-0924-3141B217B81E}"
EndProject
Project("{FAE04EC0-301F-11D3-BF4B-00C04F79EFBC}") = "TOP-Records", "..\TOP-Records\TOP-Records\TOP-Records.csproj", "{5BD15039-1046-430A-8918-F5C1BF1B7002}"
EndProject
Project("{FAE04EC0-301F-11D3-BF4B-00C04F79EFBC}") = "TOP_Utils", "..\TOP_Utils\TOP_Utils\TOP_Utils.csproj", "{1EE97997-224B-4347-B5AD-830AF488837E}"
EndProject
Global
	GlobalSection(SolutionConfigurationPlatforms) = preSolution
		Debug|Any CPU = Debug|Any CPU
		Debug|x64 = Debug|x64
		Debug|x86 = Debug|x86
		Release|Any CPU = Release|Any CPU
		Release|x64 = Release|x64
		Release|x86 = Release|x86
	EndGlobalSection
	GlobalSection(ProjectConfigurationPlatforms) = postSolution
		{74045E26-A6BA-478A-AA88-5DFC76A8A676}.Debug|Any CPU.ActiveCfg = Debug|Any CPU
		{74045E26-A6BA-478A-AA88-5DFC76A8A676}.Debug|Any CPU.Build.0 = Debug|Any CPU
		{74045E26-A6BA-478A-AA88-5DFC76A8A676}.Debug|x64.ActiveCfg = Debug|Any CPU
		{74045E26-A6BA-478A-AA88-5DFC76A8A676}.Debug|x64.Build.0 = Debug|Any CPU
		{74045E26-A6BA-478A-AA88-5DFC76A8A676}.Debug|x86.ActiveCfg = Debug|Any CPU
		{74045E26-A6BA-478A-AA88-5DFC76A8A676}.Debug|x86.Build.0 = Debug|Any CPU
		{74045E26-A6BA-478A-AA88-5DFC76A8A676}.Release|Any CPU.ActiveCfg = Release|Any CPU
		{74045E26-A6BA-478A-AA88-5DFC76A8A676}.Release|Any CPU.Build.0 = Release|Any CPU
		{74045E26-A6BA-478A-AA88-5DFC76A8A676}.Release|x64.ActiveCfg = Release|Any CPU
		{74045E26-A6BA-478A-AA88-5DFC76A8A676}.Release|x64.Build.0 = Release|Any CPU
		{74045E26-A6BA-478A-AA88-5DFC76A8A676}.Release|x86.ActiveCfg = Release|Any CPU
		{74045E26-A6BA-478A-AA88-5DFC76A8A676}.Release|x86.Build.0 = Release|Any CPU
		{5BD15039-1046-430A-8918-F5C1BF1B7002}.Debug|Any CPU.ActiveCfg = Debug|Any CPU
		{5BD15039-1046-430A-8918-F5C1BF1B7002}.Debug|Any CPU.Build.0 = Debug|Any CPU
		{5BD15039-1046-430A-8918-F5C1BF1B7002}.Debug|x64.ActiveCfg = Debug|Any CPU
		{5BD15039-1046-430A-8918-F5C1BF1B7002}.Debug|x64.Build.0 = Debug|Any CPU
		{5BD15039-1046-430A-8918-F5C1BF1B7002}.Debug|x86.ActiveCfg = Debug|Any CPU
		{5BD15039-1046-430A-8918-F5C1BF1B7002}.Debug|x86.Build.0 = Debug|Any CPU
		{5BD15039-1046-430A-8918-F5C1BF1B7002}.Release|Any CPU.ActiveCfg = Release|Any CPU
		{5BD15039-1046-430A-8918-F5C1BF1B7002}.Release|Any CPU.Build.0 = Release|Any CPU
		{5BD15039-1046-430A-8918-F5C1BF1B7002}.Release|x64.ActiveCfg = Release|Any CPU
		{5BD15039-1046-430A-8918-F5C1BF1B7002}.Release|x64.Build.0 = Release|Any CPU
		{5BD15039-1046-430A-8918-F5C1BF1B7002}.Release|x86.ActiveCfg = Release|Any CPU
		{5BD15039-1046-430A-8918-F5C1BF1B7002}.Release|x86.Build.0 = Release|Any CPU
		{1EE97997-224B-4347-B5AD-830AF488837E}.Debug|Any CPU.ActiveCfg = Debug|Any CPU
		{1EE97997-224B-4347-B5AD-830AF488837E}.Debug|Any CPU.Build.0 = Debug|Any CPU
		{1EE97997-224B-4347-B5AD-830AF488837E}.Debug|x64.ActiveCfg = Debug|Any CPU
		{1EE97997-224B-4347-B5AD-830AF488837E}.Debug|x64.Build.0 = Debug|Any CPU
		{1EE97997-224B-4347-B5AD-830AF488837E}.Debug|x86.ActiveCfg = Debug|Any CPU
		{1EE97997-224B-4347-B5AD-830AF488837E}.Debug|x86.Build.0 = Debug|Any CPU
		{1EE97997-224B-4347-B5AD-830AF488837E}.Release|Any CPU.ActiveCfg = Release|Any CPU
		{1EE97997-224B-4347-B5AD-830AF488837E}.Release|Any CPU.Build.0 = Release|Any CPU
		{1EE97997-224B-4347-B5AD-830AF488837E}.Release|x64.ActiveCfg = Release|Any CPU
		{1EE97997-224B-4347-B5AD-830AF488837E}.Release|x64.Build.0 = Release|Any CPU
		{1EE97997-224B-4347-B5AD-830AF488837E}.Release|x86.ActiveCfg = Release|Any CPU
		{1EE97997-224B-4347-B5AD-830AF488837E}.Release|x86.Build.0 = Release|Any CPU
	EndGlobalSection
	GlobalSection(SolutionProperties) = preSolution
		HideSolutionNode = FALSE
	EndGlobalSection
	GlobalSection(NestedProjects) = preSolution
		{5BD15039-1046-430A-8918-F5C1BF1B7002} = {64D22719-0486-E505-0924-3141B217B81E}
		{1EE97997-224B-4347-B5AD-830AF488837E} = {64D22719-0486-E505-0924-3141B217B81E}
	EndGlobalSection
EndGlobal
