
Microsoft Visual Studio Solution File, Format Version 12.00
# Visual Studio Version 17
VisualStudioVersion = 17.0.31903.59
MinimumVisualStudioVersion = 10.0.40219.1
Project("{9A19103F-16F7-4668-BE54-9A1E7A4F7556}") = "TOP-Network", "TOP-Network\TOP-Network.csproj", "{075A7CAE-CB13-4061-89E7-A7792CA39AA9}"
EndProject
Project("{9A19103F-16F7-4668-BE54-9A1E7A4F7556}") = "TOP-Records", "TOP-Records\TOP-Records\TOP-Records.csproj", "{E4E435CC-2CFF-4B9C-B70A-D10640B0329A}"
EndProject
Project("{2150E333-8FDC-42A3-9474-1A3956D46DE8}") = "Libary", "Libary", "{BA0787F5-C83C-47DF-A6E2-2852B51DE425}"
EndProject
Project("{9A19103F-16F7-4668-BE54-9A1E7A4F7556}") = "TOP-Packets", "TOP-Packets\TOP-Packets.csproj", "{18D8BD92-3A45-467A-8590-F09C621A7946}"
EndProject
Project("{FAE04EC0-301F-11D3-BF4B-00C04F79EFBC}") = "NetworkTest", "NetworkTest\NetworkTest.csproj", "{2794E830-7BA7-4DC2-BAAA-83793D4B0822}"
EndProject
Project("{2150E333-8FDC-42A3-9474-1A3956D46DE8}") = "Tests", "Tests", "{8420F0CB-4E55-4DA2-9E82-BC13731C8A5D}"
EndProject
Project("{FAE04EC0-301F-11D3-BF4B-00C04F79EFBC}") = "PacketReverse", "PacketReverse\PacketReverse.csproj", "{AA087E22-1E12-424B-B459-E67903C6A7ED}"
EndProject
Global
	GlobalSection(SolutionConfigurationPlatforms) = preSolution
		Debug|Any CPU = Debug|Any CPU
		Release|Any CPU = Release|Any CPU
	EndGlobalSection
	GlobalSection(ProjectConfigurationPlatforms) = postSolution
		{075A7CAE-CB13-4061-89E7-A7792CA39AA9}.Debug|Any CPU.ActiveCfg = Debug|Any CPU
		{075A7CAE-CB13-4061-89E7-A7792CA39AA9}.Debug|Any CPU.Build.0 = Debug|Any CPU
		{075A7CAE-CB13-4061-89E7-A7792CA39AA9}.Release|Any CPU.ActiveCfg = Release|Any CPU
		{075A7CAE-CB13-4061-89E7-A7792CA39AA9}.Release|Any CPU.Build.0 = Release|Any CPU
		{E4E435CC-2CFF-4B9C-B70A-D10640B0329A}.Debug|Any CPU.ActiveCfg = Debug|Any CPU
		{E4E435CC-2CFF-4B9C-B70A-D10640B0329A}.Debug|Any CPU.Build.0 = Debug|Any CPU
		{E4E435CC-2CFF-4B9C-B70A-D10640B0329A}.Release|Any CPU.ActiveCfg = Release|Any CPU
		{E4E435CC-2CFF-4B9C-B70A-D10640B0329A}.Release|Any CPU.Build.0 = Release|Any CPU
		{18D8BD92-3A45-467A-8590-F09C621A7946}.Debug|Any CPU.ActiveCfg = Debug|Any CPU
		{18D8BD92-3A45-467A-8590-F09C621A7946}.Debug|Any CPU.Build.0 = Debug|Any CPU
		{18D8BD92-3A45-467A-8590-F09C621A7946}.Release|Any CPU.ActiveCfg = Release|Any CPU
		{18D8BD92-3A45-467A-8590-F09C621A7946}.Release|Any CPU.Build.0 = Release|Any CPU
		{2794E830-7BA7-4DC2-BAAA-83793D4B0822}.Debug|Any CPU.ActiveCfg = Debug|Any CPU
		{2794E830-7BA7-4DC2-BAAA-83793D4B0822}.Debug|Any CPU.Build.0 = Debug|Any CPU
		{2794E830-7BA7-4DC2-BAAA-83793D4B0822}.Release|Any CPU.ActiveCfg = Release|Any CPU
		{2794E830-7BA7-4DC2-BAAA-83793D4B0822}.Release|Any CPU.Build.0 = Release|Any CPU
		{AA087E22-1E12-424B-B459-E67903C6A7ED}.Debug|Any CPU.ActiveCfg = Debug|Any CPU
		{AA087E22-1E12-424B-B459-E67903C6A7ED}.Debug|Any CPU.Build.0 = Debug|Any CPU
		{AA087E22-1E12-424B-B459-E67903C6A7ED}.Release|Any CPU.ActiveCfg = Release|Any CPU
		{AA087E22-1E12-424B-B459-E67903C6A7ED}.Release|Any CPU.Build.0 = Release|Any CPU
	EndGlobalSection
	GlobalSection(SolutionProperties) = preSolution
		HideSolutionNode = FALSE
	EndGlobalSection
	GlobalSection(NestedProjects) = preSolution
		{E4E435CC-2CFF-4B9C-B70A-D10640B0329A} = {BA0787F5-C83C-47DF-A6E2-2852B51DE425}
		{2794E830-7BA7-4DC2-BAAA-83793D4B0822} = {8420F0CB-4E55-4DA2-9E82-BC13731C8A5D}
	EndGlobalSection
	GlobalSection(ExtensibilityGlobals) = postSolution
		SolutionGuid = {8D41D4F9-A7CC-4C62-94F3-BCA81DC14E92}
	EndGlobalSection
EndGlobal
